
Microsoft Visual Studio Solution File, Format Version 12.00
# Visual Studio Version 17
VisualStudioVersion = 17.13.35931.197 d17.13
MinimumVisualStudioVersion = 10.0.40219.1
Project("{FAE04EC0-301F-11D3-BF4B-00C04F79EFBC}") = "ITTP.UsersManagement.API", "ITTP.UsersManagement.API\ITTP.UsersManagement.API.csproj", "{508BCD20-5AD6-41E1-929A-23FD5A717AB8}"
EndProject
Project("{FAE04EC0-301F-11D3-BF4B-00C04F79EFBC}") = "ITTP.UsersManagement.API.Core", "ITTP.UsersManagement.API.Core\ITTP.UsersManagement.API.Core.csproj", "{C7D9C13A-E1E0-4348-9729-0B1330DAD418}"
EndProject
Project("{FAE04EC0-301F-11D3-BF4B-00C04F79EFBC}") = "ITTP.UsersManagement.API.DataAccess", "ITTP.UsersManagement.API.DataAccess\ITTP.UsersManagement.API.DataAccess.csproj", "{D9B99B4E-3A4C-4BA9-9195-B96DCEBDE035}"
EndProject
Project("{FAE04EC0-301F-11D3-BF4B-00C04F79EFBC}") = "ITTP.UsersManagement.API.Application", "ITTP.UsersManagement.API.Application\ITTP.UsersManagement.API.Application.csproj", "{61D52519-E7AF-4870-BCF9-EDE2FEF5F404}"
EndProject
Project("{2150E333-8FDC-42A3-9474-1A3956D46DE8}") = "src", "src", "{6A5ED3E6-9867-4BF4-AADE-7143D4A481FD}"
EndProject
Project("{2150E333-8FDC-42A3-9474-1A3956D46DE8}") = "tests", "tests", "{9E957469-1E7F-4EC1-91A2-7E698046CF50}"
EndProject
Project("{FAE04EC0-301F-11D3-BF4B-00C04F79EFBC}") = "ITTP.UsersManagement.API.IntegrationTests", "ITTP.UsersManagement.API.IntegrationTests\ITTP.UsersManagement.API.IntegrationTests.csproj", "{CC21CFCA-BA6E-48D4-9DC1-1669A7BD2C7C}"
EndProject
Project("{E53339B2-1760-4266-BCC7-CA923CBCF16C}") = "docker-compose", "docker-compose.dcproj", "{81DDED9D-158B-E303-5F62-77A2896D2A5A}"
EndProject
Project("{FAE04EC0-301F-11D3-BF4B-00C04F79EFBC}") = "ITTP.UsersManagement.API.FunctionalTests", "ITTP.UsersManagement.API.FunctionalTests\ITTP.UsersManagement.API.FunctionalTests.csproj", "{820387E8-D7D5-4D7A-BD44-427E521A0529}"
EndProject
Global
	GlobalSection(SolutionConfigurationPlatforms) = preSolution
		Debug|Any CPU = Debug|Any CPU
		Release|Any CPU = Release|Any CPU
	EndGlobalSection
	GlobalSection(ProjectConfigurationPlatforms) = postSolution
		{508BCD20-5AD6-41E1-929A-23FD5A717AB8}.Debug|Any CPU.ActiveCfg = Debug|Any CPU
		{508BCD20-5AD6-41E1-929A-23FD5A717AB8}.Debug|Any CPU.Build.0 = Debug|Any CPU
		{508BCD20-5AD6-41E1-929A-23FD5A717AB8}.Release|Any CPU.ActiveCfg = Release|Any CPU
		{508BCD20-5AD6-41E1-929A-23FD5A717AB8}.Release|Any CPU.Build.0 = Release|Any CPU
		{C7D9C13A-E1E0-4348-9729-0B1330DAD418}.Debug|Any CPU.ActiveCfg = Debug|Any CPU
		{C7D9C13A-E1E0-4348-9729-0B1330DAD418}.Debug|Any CPU.Build.0 = Debug|Any CPU
		{C7D9C13A-E1E0-4348-9729-0B1330DAD418}.Release|Any CPU.ActiveCfg = Release|Any CPU
		{C7D9C13A-E1E0-4348-9729-0B1330DAD418}.Release|Any CPU.Build.0 = Release|Any CPU
		{D9B99B4E-3A4C-4BA9-9195-B96DCEBDE035}.Debug|Any CPU.ActiveCfg = Debug|Any CPU
		{D9B99B4E-3A4C-4BA9-9195-B96DCEBDE035}.Debug|Any CPU.Build.0 = Debug|Any CPU
		{D9B99B4E-3A4C-4BA9-9195-B96DCEBDE035}.Release|Any CPU.ActiveCfg = Release|Any CPU
		{D9B99B4E-3A4C-4BA9-9195-B96DCEBDE035}.Release|Any CPU.Build.0 = Release|Any CPU
		{61D52519-E7AF-4870-BCF9-EDE2FEF5F404}.Debug|Any CPU.ActiveCfg = Debug|Any CPU
		{61D52519-E7AF-4870-BCF9-EDE2FEF5F404}.Debug|Any CPU.Build.0 = Debug|Any CPU
		{61D52519-E7AF-4870-BCF9-EDE2FEF5F404}.Release|Any CPU.ActiveCfg = Release|Any CPU
		{61D52519-E7AF-4870-BCF9-EDE2FEF5F404}.Release|Any CPU.Build.0 = Release|Any CPU
		{CC21CFCA-BA6E-48D4-9DC1-1669A7BD2C7C}.Debug|Any CPU.ActiveCfg = Debug|Any CPU
		{CC21CFCA-BA6E-48D4-9DC1-1669A7BD2C7C}.Debug|Any CPU.Build.0 = Debug|Any CPU
		{CC21CFCA-BA6E-48D4-9DC1-1669A7BD2C7C}.Release|Any CPU.ActiveCfg = Release|Any CPU
		{CC21CFCA-BA6E-48D4-9DC1-1669A7BD2C7C}.Release|Any CPU.Build.0 = Release|Any CPU
		{81DDED9D-158B-E303-5F62-77A2896D2A5A}.Debug|Any CPU.ActiveCfg = Debug|Any CPU
		{81DDED9D-158B-E303-5F62-77A2896D2A5A}.Debug|Any CPU.Build.0 = Debug|Any CPU
		{81DDED9D-158B-E303-5F62-77A2896D2A5A}.Release|Any CPU.ActiveCfg = Release|Any CPU
		{81DDED9D-158B-E303-5F62-77A2896D2A5A}.Release|Any CPU.Build.0 = Release|Any CPU
		{820387E8-D7D5-4D7A-BD44-427E521A0529}.Debug|Any CPU.ActiveCfg = Debug|Any CPU
		{820387E8-D7D5-4D7A-BD44-427E521A0529}.Debug|Any CPU.Build.0 = Debug|Any CPU
		{820387E8-D7D5-4D7A-BD44-427E521A0529}.Release|Any CPU.ActiveCfg = Release|Any CPU
		{820387E8-D7D5-4D7A-BD44-427E521A0529}.Release|Any CPU.Build.0 = Release|Any CPU
	EndGlobalSection
	GlobalSection(SolutionProperties) = preSolution
		HideSolutionNode = FALSE
	EndGlobalSection
	GlobalSection(NestedProjects) = preSolution
		{508BCD20-5AD6-41E1-929A-23FD5A717AB8} = {6A5ED3E6-9867-4BF4-AADE-7143D4A481FD}
		{C7D9C13A-E1E0-4348-9729-0B1330DAD418} = {6A5ED3E6-9867-4BF4-AADE-7143D4A481FD}
		{D9B99B4E-3A4C-4BA9-9195-B96DCEBDE035} = {6A5ED3E6-9867-4BF4-AADE-7143D4A481FD}
		{61D52519-E7AF-4870-BCF9-EDE2FEF5F404} = {6A5ED3E6-9867-4BF4-AADE-7143D4A481FD}
		{CC21CFCA-BA6E-48D4-9DC1-1669A7BD2C7C} = {9E957469-1E7F-4EC1-91A2-7E698046CF50}
		{820387E8-D7D5-4D7A-BD44-427E521A0529} = {9E957469-1E7F-4EC1-91A2-7E698046CF50}
	EndGlobalSection
	GlobalSection(ExtensibilityGlobals) = postSolution
		SolutionGuid = {1D42A0A4-B607-418A-93C3-14974A57C670}
	EndGlobalSection
EndGlobal
